
Microsoft Visual Studio Solution File, Format Version 12.00
# Visual Studio Version 16
VisualStudioVersion = 16.0.30907.101
MinimumVisualStudioVersion = 10.0.40219.1
Project("{8BC9CEB8-8B4A-11D0-8D11-00A0C91BC942}") = "assignment12", "assignment12\assignment12.vcxproj", "{3EF7C164-CE16-4D68-B494-1E0E868DACED}"
EndProject
Global
	GlobalSection(SolutionConfigurationPlatforms) = preSolution
		Debug|x64 = Debug|x64
		Debug|x86 = Debug|x86
		Release|x64 = Release|x64
		Release|x86 = Release|x86
	EndGlobalSection
	GlobalSection(ProjectConfigurationPlatforms) = postSolution
		{3EF7C164-CE16-4D68-B494-1E0E868DACED}.Debug|x64.ActiveCfg = Debug|x64
		{3EF7C164-CE16-4D68-B494-1E0E868DACED}.Debug|x64.Build.0 = Debug|x64
		{3EF7C164-CE16-4D68-B494-1E0E868DACED}.Debug|x86.ActiveCfg = Debug|Win32
		{3EF7C164-CE16-4D68-B494-1E0E868DACED}.Debug|x86.Build.0 = Debug|Win32
		{3EF7C164-CE16-4D68-B494-1E0E868DACED}.Release|x64.ActiveCfg = Release|x64
		{3EF7C164-CE16-4D68-B494-1E0E868DACED}.Release|x64.Build.0 = Release|x64
		{3EF7C164-CE16-4D68-B494-1E0E868DACED}.Release|x86.ActiveCfg = Release|Win32
		{3EF7C164-CE16-4D68-B494-1E0E868DACED}.Release|x86.Build.0 = Release|Win32
	EndGlobalSection
	GlobalSection(SolutionProperties) = preSolution
		HideSolutionNode = FALSE
	EndGlobalSection
	GlobalSection(ExtensibilityGlobals) = postSolution
		SolutionGuid = {FF89D5BB-394D-40A7-BA9F-D8996FC0CFD0}
	EndGlobalSection
EndGlobal
